{
  "lockfileVersion": 1,
  "configVersion": 1,
  "workspaces": {
    "": {
      "name": "auth-server",
      "dependencies": {
        "@better-auth/infra": "^0.1.13",
        "better-auth": "^1.4.19",
        "hono": "^4.12.2",
        "ioredis": "^5.9.3",
        "pg": "^8.18.0",
      },
      "devDependencies": {
        "@types/bun": "latest",
        "@types/pg": "^8.16.0",
      },
    },
  },
  "packages": {
    "@authenio/xml-encryption": ["@authenio/xml-encryption@2.0.2", "", { "dependencies": { "@xmldom/xmldom": "^0.8.6", "escape-html": "^1.0.3", "xpath": "0.0.32" } }, "sha512-cTlrKttbrRHEw3W+0/I609A2Matj5JQaRvfLtEIGZvlN0RaPi+3ANsMeqAyCAVlH/lUIW2tmtBlSMni74lcXeg=="],

    "@better-auth/core": ["@better-auth/core@1.4.19", "", { "dependencies": { "@standard-schema/spec": "^1.0.0", "zod": "^4.3.5" }, "peerDependencies": { "@better-auth/utils": "0.3.0", "@better-fetch/fetch": "1.1.21", "better-call": "1.1.8", "jose": "^6.1.0", "kysely": "^0.28.5", "nanostores": "^1.0.1" } }, "sha512-uADLHG1jc5BnEJi7f6ijUN5DmPPRSj++7m/G19z3UqA3MVCo4Y4t1MMa4IIxLCqGDFv22drdfxescgW+HnIowA=="],

    "@better-auth/infra": ["@better-auth/infra@0.1.13", "", { "dependencies": { "@better-fetch/fetch": "^1.1.21", "better-call": "^1.3.3", "jose": "^6.1.0", "libphonenumber-js": "^1.12.36" }, "peerDependencies": { "@better-auth/core": ">=1.4.0", "@better-auth/sso": ">=1.4.0", "better-auth": ">=1.4.0", "zod": ">=4.1.12" } }, "sha512-a5Ryo3OZVEHs+AmqfdhDzz9iQ6FPhNx+Rk/0J3AlpgBnJrlor26PQLE/LvPAXE4c4WlkLkWOmneKxa/f4dXKdA=="],

    "@better-auth/sso": ["@better-auth/sso@1.5.6", "", { "dependencies": { "@better-auth/utils": "0.3.1", "@better-fetch/fetch": "1.1.21", "fast-xml-parser": "^5.5.6", "jose": "^6.1.3", "samlify": "^2.10.2", "tldts": "^6.1.0", "zod": "^4.3.6" }, "peerDependencies": { "@better-auth/core": "1.5.6", "better-auth": "1.5.6", "better-call": "1.3.2" } }, "sha512-R4mC3Bj9Xy4pBz+XNjs4Z7gpukmAUc7mIgIhg0zmN7R7rjj8Uz9sBBRcf6b/+6fFyXe/mZ0f+Sc3uBaYt4hRaQ=="],

    "@better-auth/telemetry": ["@better-auth/telemetry@1.4.19", "", { "dependencies": { "@better-auth/utils": "0.3.0", "@better-fetch/fetch": "1.1.21" }, "peerDependencies": { "@better-auth/core": "1.4.19" } }, "sha512-ApGNS7olCTtDpKF8Ow3Z+jvFAirOj7c4RyFUpu8axklh3mH57ndpfUAUjhgA8UVoaaH/mnm/Tl884BlqiewLyw=="],

    "@better-auth/utils": ["@better-auth/utils@0.3.0", "", {}, "sha512-W+Adw6ZA6mgvnSnhOki270rwJ42t4XzSK6YWGF//BbVXL6SwCLWfyzBc1lN2m/4RM28KubdBKQ4X5VMoLRNPQw=="],

    "@better-fetch/fetch": ["@better-fetch/fetch@1.1.21", "", {}, "sha512-/ImESw0sskqlVR94jB+5+Pxjf+xBwDZF/N5+y2/q4EqD7IARUTSpPfIo8uf39SYpCxyOCtbyYpUrZ3F/k0zT4A=="],

    "@ioredis/commands": ["@ioredis/commands@1.5.0", "", {}, "sha512-eUgLqrMf8nJkZxT24JvVRrQya1vZkQh8BBeYNwGDqa5I0VUi8ACx7uFvAaLxintokpTenkK6DASvo/bvNbBGow=="],

    "@noble/ciphers": ["@noble/ciphers@2.1.1", "", {}, "sha512-bysYuiVfhxNJuldNXlFEitTVdNnYUc+XNJZd7Qm2a5j1vZHgY+fazadNFWFaMK/2vye0JVlxV3gHmC0WDfAOQw=="],

    "@noble/hashes": ["@noble/hashes@2.0.1", "", {}, "sha512-XlOlEbQcE9fmuXxrVTXCTlG2nlRXa9Rj3rr5Ue/+tX+nmkgbX720YHh0VR3hBF9xDvwnb8D2shVGOwNx+ulArw=="],

    "@standard-schema/spec": ["@standard-schema/spec@1.1.0", "", {}, "sha512-l2aFy5jALhniG5HgqrD6jXLi/rUWrKvqN/qJx6yoJsgKhblVd+iqqU4RCXavm/jPityDo5TCvKMnpjKnOriy0w=="],

    "@types/bun": ["@types/bun@1.3.9", "", { "dependencies": { "bun-types": "1.3.9" } }, "sha512-KQ571yULOdWJiMH+RIWIOZ7B2RXQGpL1YQrBtLIV3FqDcCu6FsbFUBwhdKUlCKUpS3PJDsHlJ1QKlpxoVR+xtw=="],

    "@types/node": ["@types/node@25.3.0", "", { "dependencies": { "undici-types": "~7.18.0" } }, "sha512-4K3bqJpXpqfg2XKGK9bpDTc6xO/xoUP/RBWS7AtRMug6zZFaRekiLzjVtAoZMquxoAbzBvy5nxQ7veS5eYzf8A=="],

    "@types/pg": ["@types/pg@8.16.0", "", { "dependencies": { "@types/node": "*", "pg-protocol": "*", "pg-types": "^2.2.0" } }, "sha512-RmhMd/wD+CF8Dfo+cVIy3RR5cl8CyfXQ0tGgW6XBL8L4LM/UTEbNXYRbLwU6w+CgrKBNbrQWt4FUtTfaU5jSYQ=="],

    "@xmldom/is-dom-node": ["@xmldom/is-dom-node@1.0.1", "", {}, "sha512-CJDxIgE5I0FH+ttq/Fxy6nRpxP70+e2O048EPe85J2use3XKdatVM7dDVvFNjQudd9B49NPoZ+8PG49zj4Er8Q=="],

    "@xmldom/xmldom": ["@xmldom/xmldom@0.8.12", "", {}, "sha512-9k/gHF6n/pAi/9tqr3m3aqkuiNosYTurLLUtc7xQ9sxB/wm7WPygCv8GYa6mS0fLJEHhqMC1ATYhz++U/lRHqg=="],

    "asn1": ["asn1@0.2.6", "", { "dependencies": { "safer-buffer": "~2.1.0" } }, "sha512-ix/FxPn0MDjeyJ7i/yoHGFt/EX6LyNbxSEhPPXODPL+KB0VPk86UYfL0lMdy+KCnv+fmvIzySwaK5COwqVbWTQ=="],

    "better-auth": ["better-auth@1.4.19", "", { "dependencies": { "@better-auth/core": "1.4.19", "@better-auth/telemetry": "1.4.19", "@better-auth/utils": "0.3.0", "@better-fetch/fetch": "1.1.21", "@noble/ciphers": "^2.0.0", "@noble/hashes": "^2.0.0", "better-call": "1.1.8", "defu": "^6.1.4", "jose": "^6.1.0", "kysely": "^0.28.5", "nanostores": "^1.0.1", "zod": "^4.3.5" }, "peerDependencies": { "@lynx-js/react": "*", "@prisma/client": "^5.0.0 || ^6.0.0 || ^7.0.0", "@sveltejs/kit": "^2.0.0", "@tanstack/react-start": "^1.0.0", "@tanstack/solid-start": "^1.0.0", "better-sqlite3": "^12.0.0", "drizzle-kit": ">=0.31.4", "drizzle-orm": ">=0.41.0", "mongodb": "^6.0.0 || ^7.0.0", "mysql2": "^3.0.0", "next": "^14.0.0 || ^15.0.0 || ^16.0.0", "pg": "^8.0.0", "prisma": "^5.0.0 || ^6.0.0 || ^7.0.0", "react": "^18.0.0 || ^19.0.0", "react-dom": "^18.0.0 || ^19.0.0", "solid-js": "^1.0.0", "svelte": "^4.0.0 || ^5.0.0", "vitest": "^2.0.0 || ^3.0.0 || ^4.0.0", "vue": "^3.0.0" }, "optionalPeers": ["@lynx-js/react", "@prisma/client", "@sveltejs/kit", "@tanstack/react-start", "@tanstack/solid-start", "better-sqlite3", "drizzle-kit", "drizzle-orm", "mongodb", "mysql2", "next", "pg", "prisma", "react", "react-dom", "solid-js", "svelte", "vitest", "vue"] }, "sha512-3RlZJcA0+NH25wYD85vpIGwW9oSTuEmLIaGbT8zg41w/Pa2hVWHKedjoUHHJtnzkBXzDb+CShkLnSw7IThDdqQ=="],

    "better-call": ["better-call@1.3.5", "", { "dependencies": { "@better-auth/utils": "^0.4.0", "@better-fetch/fetch": "^1.1.21", "rou3": "^0.7.12", "set-cookie-parser": "^3.0.1" }, "peerDependencies": { "zod": "^4.0.0" }, "optionalPeers": ["zod"] }, "sha512-kOFJkBP7utAQLEYrobZm3vkTH8mXq5GNgvjc5/XEST1ilVHaxXUXfeDeFlqoETMtyqS4+3/h4ONX2i++ebZrvA=="],

    "bun-types": ["bun-types@1.3.9", "", { "dependencies": { "@types/node": "*" } }, "sha512-+UBWWOakIP4Tswh0Bt0QD0alpTY8cb5hvgiYeWCMet9YukHbzuruIEeXC2D7nMJPB12kbh8C7XJykSexEqGKJg=="],

    "cluster-key-slot": ["cluster-key-slot@1.1.2", "", {}, "sha512-RMr0FhtfXemyinomL4hrWcYJxmX6deFdCxpJzhDttxgO1+bcCnkk+9drydLVDmAMG7NE6aN/fl4F7ucU/90gAA=="],

    "debug": ["debug@4.4.3", "", { "dependencies": { "ms": "^2.1.3" } }, "sha512-RGwwWnwQvkVfavKVt22FGLw+xYSdzARwm0ru6DhTVA3umU5hZc28V3kO4stgYryrTlLpuvgI9GiijltAjNbcqA=="],

    "defu": ["defu@6.1.4", "", {}, "sha512-mEQCMmwJu317oSz8CwdIOdwf3xMif1ttiM8LTufzc3g6kR+9Pe236twL8j3IYT1F7GfRgGcW6MWxzZjLIkuHIg=="],

    "denque": ["denque@2.1.0", "", {}, "sha512-HVQE3AAb/pxF8fQAoiqpvg9i3evqug3hoiwakOyZAwJm+6vZehbkYXZ0l4JxS+I3QxM97v5aaRNhj8v5oBhekw=="],

    "escape-html": ["escape-html@1.0.3", "", {}, "sha512-NiSupZ4OeuGwr68lGIeym/ksIZMJodUGOSCZ/FSnTxcrekbvqrgdUxlJOMpijaKZVjAJrWrGs/6Jy8OMuyj9ow=="],

    "fast-xml-builder": ["fast-xml-builder@1.1.4", "", { "dependencies": { "path-expression-matcher": "^1.1.3" } }, "sha512-f2jhpN4Eccy0/Uz9csxh3Nu6q4ErKxf0XIsasomfOihuSUa3/xw6w8dnOtCDgEItQFJG8KyXPzQXzcODDrrbOg=="],

    "fast-xml-parser": ["fast-xml-parser@5.5.10", "", { "dependencies": { "fast-xml-builder": "^1.1.4", "path-expression-matcher": "^1.2.1", "strnum": "^2.2.2" }, "bin": { "fxparser": "src/cli/cli.js" } }, "sha512-go2J2xODMc32hT+4Xr/bBGXMaIoiCwrwp2mMtAvKyvEFW6S/v5Gn2pBmE4nvbwNjGhpcAiOwEv7R6/GZ6XRa9w=="],

    "hono": ["hono@4.12.2", "", {}, "sha512-gJnaDHXKDayjt8ue0n8Gs0A007yKXj4Xzb8+cNjZeYsSzzwKc0Lr+OZgYwVfB0pHfUs17EPoLvrOsEaJ9mj+Tg=="],

    "ioredis": ["ioredis@5.9.3", "", { "dependencies": { "@ioredis/commands": "1.5.0", "cluster-key-slot": "^1.1.0", "debug": "^4.3.4", "denque": "^2.1.0", "lodash.defaults": "^4.2.0", "lodash.isarguments": "^3.1.0", "redis-errors": "^1.2.0", "redis-parser": "^3.0.0", "standard-as-callback": "^2.1.0" } }, "sha512-VI5tMCdeoxZWU5vjHWsiE/Su76JGhBvWF1MJnV9ZtGltHk9BmD48oDq8Tj8haZ85aceXZMxLNDQZRVo5QKNgXA=="],

    "jose": ["jose@6.1.3", "", {}, "sha512-0TpaTfihd4QMNwrz/ob2Bp7X04yuxJkjRGi4aKmOqwhov54i6u79oCv7T+C7lo70MKH6BesI3vscD1yb/yzKXQ=="],

    "kysely": ["kysely@0.28.11", "", {}, "sha512-zpGIFg0HuoC893rIjYX1BETkVWdDnzTzF5e0kWXJFg5lE0k1/LfNWBejrcnOFu8Q2Rfq/hTDTU7XLUM8QOrpzg=="],

    "libphonenumber-js": ["libphonenumber-js@1.12.41", "", {}, "sha512-lsmMmGXBxXIK/VMLEj0kL6MtUs1kBGj1nTCzi6zgQoG1DEwqwt2DQyHxcLykceIxAnfE3hya7NuIh6PpC6S3fA=="],

    "lodash.defaults": ["lodash.defaults@4.2.0", "", {}, "sha512-qjxPLHd3r5DnsdGacqOMU6pb/avJzdh9tFX2ymgoZE27BmjXrNy/y4LoaiTeAb+O3gL8AfpJGtqfX/ae2leYYQ=="],

    "lodash.isarguments": ["lodash.isarguments@3.1.0", "", {}, "sha512-chi4NHZlZqZD18a0imDHnZPrDeBbTtVN7GXMwuGdRH9qotxAjYs3aVLKc7zNOG9eddR5Ksd8rvFEBc9SsggPpg=="],

    "ms": ["ms@2.1.3", "", {}, "sha512-6FlzubTLZG3J2a/NVCAleEhjzq5oxgHyaCU9yYXvcLsvoVaHJq/s5xXI6/XXP6tz7R9xAOtHnSO/tXtF3WRTlA=="],

    "nanostores": ["nanostores@1.1.1", "", {}, "sha512-EYJqS25r2iBeTtGQCHidXl1VfZ1jXM7Q04zXJOrMlxVVmD0ptxJaNux92n1mJ7c5lN3zTq12MhH/8x59nP+qmg=="],

    "node-rsa": ["node-rsa@1.1.1", "", { "dependencies": { "asn1": "^0.2.4" } }, "sha512-Jd4cvbJMryN21r5HgxQOpMEqv+ooke/korixNNK3mGqfGJmy0M77WDDzo/05969+OkMy3XW1UuZsSmW9KQm7Fw=="],

    "path-expression-matcher": ["path-expression-matcher@1.2.1", "", {}, "sha512-d7gQQmLvAKXKXE2GeP9apIGbMYKz88zWdsn/BN2HRWVQsDFdUY36WSLTY0Jvd4HWi7Fb30gQ62oAOzdgJA6fZw=="],

    "pg": ["pg@8.18.0", "", { "dependencies": { "pg-connection-string": "^2.11.0", "pg-pool": "^3.11.0", "pg-protocol": "^1.11.0", "pg-types": "2.2.0", "pgpass": "1.0.5" }, "optionalDependencies": { "pg-cloudflare": "^1.3.0" }, "peerDependencies": { "pg-native": ">=3.0.1" }, "optionalPeers": ["pg-native"] }, "sha512-xqrUDL1b9MbkydY/s+VZ6v+xiMUmOUk7SS9d/1kpyQxoJ6U9AO1oIJyUWVZojbfe5Cc/oluutcgFG4L9RDP1iQ=="],

    "pg-cloudflare": ["pg-cloudflare@1.3.0", "", {}, "sha512-6lswVVSztmHiRtD6I8hw4qP/nDm1EJbKMRhf3HCYaqud7frGysPv7FYJ5noZQdhQtN2xJnimfMtvQq21pdbzyQ=="],

    "pg-connection-string": ["pg-connection-string@2.11.0", "", {}, "sha512-kecgoJwhOpxYU21rZjULrmrBJ698U2RxXofKVzOn5UDj61BPj/qMb7diYUR1nLScCDbrztQFl1TaQZT0t1EtzQ=="],

    "pg-int8": ["pg-int8@1.0.1", "", {}, "sha512-WCtabS6t3c8SkpDBUlb1kjOs7l66xsGdKpIPZsg4wR+B3+u9UAum2odSsF9tnvxg80h4ZxLWMy4pRjOsFIqQpw=="],

    "pg-pool": ["pg-pool@3.11.0", "", { "peerDependencies": { "pg": ">=8.0" } }, "sha512-MJYfvHwtGp870aeusDh+hg9apvOe2zmpZJpyt+BMtzUWlVqbhFmMK6bOBXLBUPd7iRtIF9fZplDc7KrPN3PN7w=="],

    "pg-protocol": ["pg-protocol@1.11.0", "", {}, "sha512-pfsxk2M9M3BuGgDOfuy37VNRRX3jmKgMjcvAcWqNDpZSf4cUmv8HSOl5ViRQFsfARFn0KuUQTgLxVMbNq5NW3g=="],

    "pg-types": ["pg-types@2.2.0", "", { "dependencies": { "pg-int8": "1.0.1", "postgres-array": "~2.0.0", "postgres-bytea": "~1.0.0", "postgres-date": "~1.0.4", "postgres-interval": "^1.1.0" } }, "sha512-qTAAlrEsl8s4OiEQY69wDvcMIdQN6wdz5ojQiOy6YRMuynxenON0O5oCpJI6lshc6scgAY8qvJ2On/p+CXY0GA=="],

    "pgpass": ["pgpass@1.0.5", "", { "dependencies": { "split2": "^4.1.0" } }, "sha512-FdW9r/jQZhSeohs1Z3sI1yxFQNFvMcnmfuj4WBMUTxOrAyLMaTcE1aAMBiTlbMNaXvBCQuVi0R7hd8udDSP7ug=="],

    "postgres-array": ["postgres-array@2.0.0", "", {}, "sha512-VpZrUqU5A69eQyW2c5CA1jtLecCsN2U/bD6VilrFDWq5+5UIEVO7nazS3TEcHf1zuPYO/sqGvUvW62g86RXZuA=="],

    "postgres-bytea": ["postgres-bytea@1.0.1", "", {}, "sha512-5+5HqXnsZPE65IJZSMkZtURARZelel2oXUEO8rH83VS/hxH5vv1uHquPg5wZs8yMAfdv971IU+kcPUczi7NVBQ=="],

    "postgres-date": ["postgres-date@1.0.7", "", {}, "sha512-suDmjLVQg78nMK2UZ454hAG+OAW+HQPZ6n++TNDUX+L0+uUlLywnoxJKDou51Zm+zTCjrCl0Nq6J9C5hP9vK/Q=="],

    "postgres-interval": ["postgres-interval@1.2.0", "", { "dependencies": { "xtend": "^4.0.0" } }, "sha512-9ZhXKM/rw350N1ovuWHbGxnGh/SNJ4cnxHiM0rxE4VN41wsg8P8zWn9hv/buK00RP4WvlOyr/RBDiptyxVbkZQ=="],

    "redis-errors": ["redis-errors@1.2.0", "", {}, "sha512-1qny3OExCf0UvUV/5wpYKf2YwPcOqXzkwKKSmKHiE6ZMQs5heeE/c8eXK+PNllPvmjgAbfnsbpkGZWy8cBpn9w=="],

    "redis-parser": ["redis-parser@3.0.0", "", { "dependencies": { "redis-errors": "^1.0.0" } }, "sha512-DJnGAeenTdpMEH6uAJRK/uiyEIH9WVsUmoLwzudwGJUwZPp80PDBWPHXSAGNPwNvIXAbe7MSUB1zQFugFml66A=="],

    "rou3": ["rou3@0.7.12", "", {}, "sha512-iFE4hLDuloSWcD7mjdCDhx2bKcIsYbtOTpfH5MHHLSKMOUyjqQXTeZVa289uuwEGEKFoE/BAPbhaU4B774nceg=="],

    "safer-buffer": ["safer-buffer@2.1.2", "", {}, "sha512-YZo3K82SD7Riyi0E1EQPojLz7kpepnSQI9IyPbHHg1XXXevb5dJI7tpyN2ADxGcQbHG7vcyRHk0cbwqcQriUtg=="],

    "samlify": ["samlify@2.12.0", "", { "dependencies": { "@authenio/xml-encryption": "^2.0.2", "@xmldom/xmldom": "^0.8.11", "node-rsa": "^1.1.1", "xml": "^1.0.1", "xml-crypto": "^6.1.2", "xml-escape": "^1.1.0", "xpath": "^0.0.34" } }, "sha512-ewGsHyY4kInDH0BfprlAZ1rHpH1jBmbqYiXDbuI3t1Y8h71gqEt4Z7jdCFyPHFR8jItJkbdckTijUZGg14CDlg=="],

    "set-cookie-parser": ["set-cookie-parser@3.1.0", "", {}, "sha512-kjnC1DXBHcxaOaOXBHBeRtltsDG2nUiUni+jP92M9gYdW12rsmx92UsfpH7o5tDRs7I1ZZPSQJQGv3UaRfCiuw=="],

    "split2": ["split2@4.2.0", "", {}, "sha512-UcjcJOWknrNkF6PLX83qcHM6KHgVKNkV62Y8a5uYDVv9ydGQVwAHMKqHdJje1VTWpljG0WYpCDhrCdAOYH4TWg=="],

    "standard-as-callback": ["standard-as-callback@2.1.0", "", {}, "sha512-qoRRSyROncaz1z0mvYqIE4lCd9p2R90i6GxW3uZv5ucSu8tU7B5HXUP1gG8pVZsYNVaXjk8ClXHPttLyxAL48A=="],

    "strnum": ["strnum@2.2.2", "", {}, "sha512-DnR90I+jtXNSTXWdwrEy9FakW7UX+qUZg28gj5fk2vxxl7uS/3bpI4fjFYVmdK9etptYBPNkpahuQnEwhwECqA=="],

    "tldts": ["tldts@6.1.86", "", { "dependencies": { "tldts-core": "^6.1.86" }, "bin": { "tldts": "bin/cli.js" } }, "sha512-WMi/OQ2axVTf/ykqCQgXiIct+mSQDFdH2fkwhPwgEwvJ1kSzZRiinb0zF2Xb8u4+OqPChmyI6MEu4EezNJz+FQ=="],

    "tldts-core": ["tldts-core@6.1.86", "", {}, "sha512-Je6p7pkk+KMzMv2XXKmAE3McmolOQFdxkKw0R8EYNr7sELW46JqnNeTX8ybPiQgvg1ymCoF8LXs5fzFaZvJPTA=="],

    "undici-types": ["undici-types@7.18.2", "", {}, "sha512-AsuCzffGHJybSaRrmr5eHr81mwJU3kjw6M+uprWvCXiNeN9SOGwQ3Jn8jb8m3Z6izVgknn1R0FTCEAP2QrLY/w=="],

    "xml": ["xml@1.0.1", "", {}, "sha512-huCv9IH9Tcf95zuYCsQraZtWnJvBtLVE0QHMOs8bWyZAFZNDcYjsPq1nEx8jKA9y+Beo9v+7OBPRisQTjinQMw=="],

    "xml-crypto": ["xml-crypto@6.1.2", "", { "dependencies": { "@xmldom/is-dom-node": "^1.0.1", "@xmldom/xmldom": "^0.8.10", "xpath": "^0.0.33" } }, "sha512-leBOVQdVi8FvPJrMYoum7Ici9qyxfE4kVi+AkpUoYCSXaQF4IlBm1cneTK9oAxR61LpYxTx7lNcsnBIeRpGW2w=="],

    "xml-escape": ["xml-escape@1.1.0", "", {}, "sha512-B/T4sDK8Z6aUh/qNr7mjKAwwncIljFuUP+DO/D5hloYFj+90O88z8Wf7oSucZTHxBAsC1/CTP4rtx/x1Uf72Mg=="],

    "xpath": ["xpath@0.0.34", "", {}, "sha512-FxF6+rkr1rNSQrhUNYrAFJpRXNzlDoMxeXN5qI84939ylEv3qqPFKa85Oxr6tDaJKqwW6KKyo2v26TSv3k6LeA=="],

    "xtend": ["xtend@4.0.2", "", {}, "sha512-LKYU1iAXJXUgAXn9URjiu+MWhyUXHsvfp7mcuYm9dSUKK0/CjtrUwFAxD82/mCWbtLsGjFIad0wIsod4zrTAEQ=="],

    "zod": ["zod@4.3.6", "", {}, "sha512-rftlrkhHZOcjDwkGlnUtZZkvaPHCsDATp4pGpuOOMDaTdDDXF91wuVDJoWoPsKX/3YPQ5fHuF3STjcYyKr+Qhg=="],

    "@authenio/xml-encryption/xpath": ["xpath@0.0.32", "", {}, "sha512-rxMJhSIoiO8vXcWvSifKqhvV96GjiD5wYb8/QHdoRyQvraTpp4IEv944nhGausZZ3u7dhQXteZuZbaqfpB7uYw=="],

    "@better-auth/core/better-call": ["better-call@1.1.8", "", { "dependencies": { "@better-auth/utils": "^0.3.0", "@better-fetch/fetch": "^1.1.4", "rou3": "^0.7.10", "set-cookie-parser": "^2.7.1" }, "peerDependencies": { "zod": "^4.0.0" }, "optionalPeers": ["zod"] }, "sha512-XMQ2rs6FNXasGNfMjzbyroSwKwYbZ/T3IxruSS6U2MJRsSYh3wYtG3o6H00ZlKZ/C/UPOAD97tqgQJNsxyeTXw=="],

    "@better-auth/sso/@better-auth/utils": ["@better-auth/utils@0.3.1", "", {}, "sha512-+CGp4UmZSUrHHnpHhLPYu6cV+wSUSvVbZbNykxhUDocpVNTo9uFFxw/NqJlh1iC4wQ9HKKWGCKuZ5wUgS0v6Kg=="],

    "better-auth/better-call": ["better-call@1.1.8", "", { "dependencies": { "@better-auth/utils": "^0.3.0", "@better-fetch/fetch": "^1.1.4", "rou3": "^0.7.10", "set-cookie-parser": "^2.7.1" }, "peerDependencies": { "zod": "^4.0.0" }, "optionalPeers": ["zod"] }, "sha512-XMQ2rs6FNXasGNfMjzbyroSwKwYbZ/T3IxruSS6U2MJRsSYh3wYtG3o6H00ZlKZ/C/UPOAD97tqgQJNsxyeTXw=="],

    "better-call/@better-auth/utils": ["@better-auth/utils@0.4.0", "", { "dependencies": { "@noble/hashes": "^2.0.1" } }, "sha512-RpMtLUIQAEWMgdPLNVbIF5ON2mm+CH0U3rCdUCU1VyeAUui4m38DyK7/aXMLZov2YDjG684pS1D0MBllrmgjQA=="],

    "xml-crypto/xpath": ["xpath@0.0.33", "", {}, "sha512-NNXnzrkDrAzalLhIUc01jO2mOzXGXh1JwPgkihcLLzw98c0WgYDmmjSh1Kl3wzaxSVWMuA+fe0WTWOBDWCBmNA=="],

    "@better-auth/core/better-call/set-cookie-parser": ["set-cookie-parser@2.7.2", "", {}, "sha512-oeM1lpU/UvhTxw+g3cIfxXHyJRc/uidd3yK1P242gzHds0udQBYzs3y8j4gCCW+ZJ7ad0yctld8RYO+bdurlvw=="],

    "better-auth/better-call/set-cookie-parser": ["set-cookie-parser@2.7.2", "", {}, "sha512-oeM1lpU/UvhTxw+g3cIfxXHyJRc/uidd3yK1P242gzHds0udQBYzs3y8j4gCCW+ZJ7ad0yctld8RYO+bdurlvw=="],
  }
}
